
Microsoft Visual Studio Solution File, Format Version 12.00
# Visual Studio 15
VisualStudioVersion = 15.0.28307.168
MinimumVisualStudioVersion = 10.0.40219.1
Project("{9A19103F-16F7-4668-BE54-9A1E7A4F7556}") = "Blog.Core", "Blog.Core\Blog.Core.csproj", "{0AC46A9E-DAFB-4B36-B8A2-5C0E94540507}"
EndProject
Project("{9A19103F-16F7-4668-BE54-9A1E7A4F7556}") = "Blog.Core.Model", "Blog.Core.Model\Blog.Core.Model.csproj", "{821F2103-3CFD-4A70-8FC0-ADC5BBA3DCA8}"
EndProject
Project("{9A19103F-16F7-4668-BE54-9A1E7A4F7556}") = "Blog.Core.IRepository", "Blog.Core.IRepository\Blog.Core.IRepository.csproj", "{60DA38E3-CE52-4BEA-9942-CA467D78850F}"
EndProject
Project("{9A19103F-16F7-4668-BE54-9A1E7A4F7556}") = "Blog.Core.Repository.SqlSugar", "Blog.Core.Repository.SqlSugar\Blog.Core.Repository.SqlSugar.csproj", "{B0BC6781-90AF-41B0-B142-6A10F993E39D}"
EndProject
Project("{2150E333-8FDC-42A3-9474-1A3956D46DE8}") = "Repository", "Repository", "{01802D35-4D4D-47DE-989C-83B7D66F28F3}"
EndProject
Project("{2150E333-8FDC-42A3-9474-1A3956D46DE8}") = "Service", "Service", "{13748137-277A-46BE-8520-CDEA511B13AA}"
EndProject
Project("{9A19103F-16F7-4668-BE54-9A1E7A4F7556}") = "Blog.Core.IService", "Blog.Core.IService\Blog.Core.IService.csproj", "{F7C86D17-59EB-4441-B00C-E39A06147D05}"
EndProject
Project("{9A19103F-16F7-4668-BE54-9A1E7A4F7556}") = "Blog.Core.Service", "Blog.Core.Service\Blog.Core.Service.csproj", "{E846BB83-0FFA-4C94-9255-566EBB5CA0BC}"
EndProject
Project("{9A19103F-16F7-4668-BE54-9A1E7A4F7556}") = "Blog.Core.Common", "Blog.Core.Common\Blog.Core.Common.csproj", "{E31ECE8C-DB88-4415-B12C-E2EB7ACBCEE5}"
EndProject
Project("{2150E333-8FDC-42A3-9474-1A3956D46DE8}") = "API", "API", "{FEE7911C-BF8D-4C1B-BFC1-68136CE82201}"
EndProject
Global
	GlobalSection(SolutionConfigurationPlatforms) = preSolution
		Debug|Any CPU = Debug|Any CPU
		Release|Any CPU = Release|Any CPU
	EndGlobalSection
	GlobalSection(ProjectConfigurationPlatforms) = postSolution
		{0AC46A9E-DAFB-4B36-B8A2-5C0E94540507}.Debug|Any CPU.ActiveCfg = Debug|Any CPU
		{0AC46A9E-DAFB-4B36-B8A2-5C0E94540507}.Debug|Any CPU.Build.0 = Debug|Any CPU
		{0AC46A9E-DAFB-4B36-B8A2-5C0E94540507}.Release|Any CPU.ActiveCfg = Release|Any CPU
		{0AC46A9E-DAFB-4B36-B8A2-5C0E94540507}.Release|Any CPU.Build.0 = Release|Any CPU
		{821F2103-3CFD-4A70-8FC0-ADC5BBA3DCA8}.Debug|Any CPU.ActiveCfg = Debug|Any CPU
		{821F2103-3CFD-4A70-8FC0-ADC5BBA3DCA8}.Debug|Any CPU.Build.0 = Debug|Any CPU
		{821F2103-3CFD-4A70-8FC0-ADC5BBA3DCA8}.Release|Any CPU.ActiveCfg = Release|Any CPU
		{821F2103-3CFD-4A70-8FC0-ADC5BBA3DCA8}.Release|Any CPU.Build.0 = Release|Any CPU
		{60DA38E3-CE52-4BEA-9942-CA467D78850F}.Debug|Any CPU.ActiveCfg = Debug|Any CPU
		{60DA38E3-CE52-4BEA-9942-CA467D78850F}.Debug|Any CPU.Build.0 = Debug|Any CPU
		{60DA38E3-CE52-4BEA-9942-CA467D78850F}.Release|Any CPU.ActiveCfg = Release|Any CPU
		{60DA38E3-CE52-4BEA-9942-CA467D78850F}.Release|Any CPU.Build.0 = Release|Any CPU
		{B0BC6781-90AF-41B0-B142-6A10F993E39D}.Debug|Any CPU.ActiveCfg = Debug|Any CPU
		{B0BC6781-90AF-41B0-B142-6A10F993E39D}.Debug|Any CPU.Build.0 = Debug|Any CPU
		{B0BC6781-90AF-41B0-B142-6A10F993E39D}.Release|Any CPU.ActiveCfg = Release|Any CPU
		{B0BC6781-90AF-41B0-B142-6A10F993E39D}.Release|Any CPU.Build.0 = Release|Any CPU
		{F7C86D17-59EB-4441-B00C-E39A06147D05}.Debug|Any CPU.ActiveCfg = Debug|Any CPU
		{F7C86D17-59EB-4441-B00C-E39A06147D05}.Debug|Any CPU.Build.0 = Debug|Any CPU
		{F7C86D17-59EB-4441-B00C-E39A06147D05}.Release|Any CPU.ActiveCfg = Release|Any CPU
		{F7C86D17-59EB-4441-B00C-E39A06147D05}.Release|Any CPU.Build.0 = Release|Any CPU
		{E846BB83-0FFA-4C94-9255-566EBB5CA0BC}.Debug|Any CPU.ActiveCfg = Debug|Any CPU
		{E846BB83-0FFA-4C94-9255-566EBB5CA0BC}.Debug|Any CPU.Build.0 = Debug|Any CPU
		{E846BB83-0FFA-4C94-9255-566EBB5CA0BC}.Release|Any CPU.ActiveCfg = Release|Any CPU
		{E846BB83-0FFA-4C94-9255-566EBB5CA0BC}.Release|Any CPU.Build.0 = Release|Any CPU
		{E31ECE8C-DB88-4415-B12C-E2EB7ACBCEE5}.Debug|Any CPU.ActiveCfg = Debug|Any CPU
		{E31ECE8C-DB88-4415-B12C-E2EB7ACBCEE5}.Debug|Any CPU.Build.0 = Debug|Any CPU
		{E31ECE8C-DB88-4415-B12C-E2EB7ACBCEE5}.Release|Any CPU.ActiveCfg = Release|Any CPU
		{E31ECE8C-DB88-4415-B12C-E2EB7ACBCEE5}.Release|Any CPU.Build.0 = Release|Any CPU
	EndGlobalSection
	GlobalSection(SolutionProperties) = preSolution
		HideSolutionNode = FALSE
	EndGlobalSection
	GlobalSection(NestedProjects) = preSolution
		{0AC46A9E-DAFB-4B36-B8A2-5C0E94540507} = {FEE7911C-BF8D-4C1B-BFC1-68136CE82201}
		{60DA38E3-CE52-4BEA-9942-CA467D78850F} = {01802D35-4D4D-47DE-989C-83B7D66F28F3}
		{B0BC6781-90AF-41B0-B142-6A10F993E39D} = {01802D35-4D4D-47DE-989C-83B7D66F28F3}
		{F7C86D17-59EB-4441-B00C-E39A06147D05} = {13748137-277A-46BE-8520-CDEA511B13AA}
		{E846BB83-0FFA-4C94-9255-566EBB5CA0BC} = {13748137-277A-46BE-8520-CDEA511B13AA}
	EndGlobalSection
	GlobalSection(ExtensibilityGlobals) = postSolution
		SolutionGuid = {0FCD0EE7-F8F9-4EB9-872C-B1EC05C52B33}
	EndGlobalSection
EndGlobal
